// !$*UTF8*$!
{
	archiveVersion = 1;
	classes = {
	};
	objectVersion = 50;
	objects = {

/* Begin PBXBuildFile section */
		C90D0E3126FA12F9009038F4 /* SocialMediumApp.swift in Sources */ = {isa = PBXBuildFile; fileRef = C90D0E3026FA12F9009038F4 /* SocialMediumApp.swift */; };
		C90D0E3326FA12F9009038F4 /* Login.swift in Sources */ = {isa = PBXBuildFile; fileRef = C90D0E3226FA12F9009038F4 /* Login.swift */; };
		C90D0E3526FA12FA009038F4 /* Assets.xcassets in Resources */ = {isa = PBXBuildFile; fileRef = C90D0E3426FA12FA009038F4 /* Assets.xcassets */; };
		C90D0E3826FA12FA009038F4 /* Preview Assets.xcassets in Resources */ = {isa = PBXBuildFile; fileRef = C90D0E3726FA12FA009038F4 /* Preview Assets.xcassets */; };
		C90D0E4026FA148D009038F4 /* LoginModel.swift in Sources */ = {isa = PBXBuildFile; fileRef = C90D0E3F26FA148D009038F4 /* LoginModel.swift */; };
		C9BBE49B26FA1CD1003ABD3C /* Constants.swift in Sources */ = {isa = PBXBuildFile; fileRef = C9BBE49A26FA1CD1003ABD3C /* Constants.swift */; };
		C9BBE49D26FA1F0C003ABD3C /* Home.swift in Sources */ = {isa = PBXBuildFile; fileRef = C9BBE49C26FA1F0C003ABD3C /* Home.swift */; };
		C9BBE4A626FA202C003ABD3C /* Settings.swift in Sources */ = {isa = PBXBuildFile; fileRef = C9BBE4A526FA202C003ABD3C /* Settings.swift */; };
		C9BBE4A826FA2057003ABD3C /* SettingsModel.swift in Sources */ = {isa = PBXBuildFile; fileRef = C9BBE4A726FA2057003ABD3C /* SettingsModel.swift */; };
		C9C1B12726FB63F500F7CAFC /* Moment.swift in Sources */ = {isa = PBXBuildFile; fileRef = C9C1B12626FB63F500F7CAFC /* Moment.swift */; };
		C9C1B12A26FB664700F7CAFC /* HomeModel.swift in Sources */ = {isa = PBXBuildFile; fileRef = C9C1B12926FB664700F7CAFC /* HomeModel.swift */; };
		C9C1B12C26FB6DB100F7CAFC /* DataExtensions.swift in Sources */ = {isa = PBXBuildFile; fileRef = C9C1B12B26FB6DB100F7CAFC /* DataExtensions.swift */; };
		C9C1B12E26FB6EE800F7CAFC /* HomeCard.swift in Sources */ = {isa = PBXBuildFile; fileRef = C9C1B12D26FB6EE800F7CAFC /* HomeCard.swift */; };
/* End PBXBuildFile section */

/* Begin PBXFileReference section */
		C90D0E2D26FA12F9009038F4 /* SocialMedium.app */ = {isa = PBXFileReference; explicitFileType = wrapper.application; includeInIndex = 0; path = SocialMedium.app; sourceTree = BUILT_PRODUCTS_DIR; };
		C90D0E3026FA12F9009038F4 /* SocialMediumApp.swift */ = {isa = PBXFileReference; lastKnownFileType = sourcecode.swift; path = SocialMediumApp.swift; sourceTree = "<group>"; };
		C90D0E3226FA12F9009038F4 /* Login.swift */ = {isa = PBXFileReference; lastKnownFileType = sourcecode.swift; path = Login.swift; sourceTree = "<group>"; };
		C90D0E3426FA12FA009038F4 /* Assets.xcassets */ = {isa = PBXFileReference; lastKnownFileType = folder.assetcatalog; path = Assets.xcassets; sourceTree = "<group>"; };
		C90D0E3726FA12FA009038F4 /* Preview Assets.xcassets */ = {isa = PBXFileReference; lastKnownFileType = folder.assetcatalog; path = "Preview Assets.xcassets"; sourceTree = "<group>"; };
		C90D0E3926FA12FA009038F4 /* Info.plist */ = {isa = PBXFileReference; lastKnownFileType = text.plist.xml; path = Info.plist; sourceTree = "<group>"; };
		C90D0E3F26FA148D009038F4 /* LoginModel.swift */ = {isa = PBXFileReference; lastKnownFileType = sourcecode.swift; path = LoginModel.swift; sourceTree = "<group>"; };
		C9BBE49A26FA1CD1003ABD3C /* Constants.swift */ = {isa = PBXFileReference; lastKnownFileType = sourcecode.swift; path = Constants.swift; sourceTree = "<group>"; };
		C9BBE49C26FA1F0C003ABD3C /* Home.swift */ = {isa = PBXFileReference; lastKnownFileType = sourcecode.swift; path = Home.swift; sourceTree = "<group>"; };
		C9BBE4A526FA202C003ABD3C /* Settings.swift */ = {isa = PBXFileReference; lastKnownFileType = sourcecode.swift; path = Settings.swift; sourceTree = "<group>"; };
		C9BBE4A726FA2057003ABD3C /* SettingsModel.swift */ = {isa = PBXFileReference; lastKnownFileType = sourcecode.swift; path = SettingsModel.swift; sourceTree = "<group>"; };
		C9C1B12626FB63F500F7CAFC /* Moment.swift */ = {isa = PBXFileReference; lastKnownFileType = sourcecode.swift; path = Moment.swift; sourceTree = "<group>"; };
		C9C1B12926FB664700F7CAFC /* HomeModel.swift */ = {isa = PBXFileReference; lastKnownFileType = sourcecode.swift; path = HomeModel.swift; sourceTree = "<group>"; };
		C9C1B12B26FB6DB100F7CAFC /* DataExtensions.swift */ = {isa = PBXFileReference; lastKnownFileType = sourcecode.swift; path = DataExtensions.swift; sourceTree = "<group>"; };
		C9C1B12D26FB6EE800F7CAFC /* HomeCard.swift */ = {isa = PBXFileReference; lastKnownFileType = sourcecode.swift; path = HomeCard.swift; sourceTree = "<group>"; };
/* End PBXFileReference section */

/* Begin PBXFrameworksBuildPhase section */
		C90D0E2A26FA12F8009038F4 /* Frameworks */ = {
			isa = PBXFrameworksBuildPhase;
			buildActionMask = 2147483647;
			files = (
			);
			runOnlyForDeploymentPostprocessing = 0;
		};
/* End PBXFrameworksBuildPhase section */

/* Begin PBXGroup section */
		C90D0E2426FA12F8009038F4 = {
			isa = PBXGroup;
			children = (
				C90D0E2F26FA12F9009038F4 /* SocialMedium */,
				C90D0E2E26FA12F9009038F4 /* Products */,
			);
			sourceTree = "<group>";
		};
		C90D0E2E26FA12F9009038F4 /* Products */ = {
			isa = PBXGroup;
			children = (
				C90D0E2D26FA12F9009038F4 /* SocialMedium.app */,
			);
			name = Products;
			sourceTree = "<group>";
		};
		C90D0E2F26FA12F9009038F4 /* SocialMedium */ = {
			isa = PBXGroup;
			children = (
				C90D0E3926FA12FA009038F4 /* Info.plist */,
				C90D0E3026FA12F9009038F4 /* SocialMediumApp.swift */,
				C9C1B12826FB640900F7CAFC /* Moment */,
				C9BBE49E26FA1F4D003ABD3C /* Login */,
				C9BBE49F26FA1F71003ABD3C /* Home */,
				C9BBE4A026FA1FAC003ABD3C /* Resources */,
				C9BBE4A426FA200C003ABD3C /* Settings */,
				C90D0E3626FA12FA009038F4 /* Preview Content */,
			);
			path = SocialMedium;
			sourceTree = "<group>";
		};
		C90D0E3626FA12FA009038F4 /* Preview Content */ = {
			isa = PBXGroup;
			children = (
				C90D0E3726FA12FA009038F4 /* Preview Assets.xcassets */,
			);
			path = "Preview Content";
			sourceTree = "<group>";
		};
		C9BBE49E26FA1F4D003ABD3C /* Login */ = {
			isa = PBXGroup;
			children = (
				C90D0E3F26FA148D009038F4 /* LoginModel.swift */,
				C90D0E3226FA12F9009038F4 /* Login.swift */,
			);
			path = Login;
			sourceTree = "<group>";
		};
		C9BBE49F26FA1F71003ABD3C /* Home */ = {
			isa = PBXGroup;
			children = (
				C9BBE49C26FA1F0C003ABD3C /* Home.swift */,
				C9C1B12D26FB6EE800F7CAFC /* HomeCard.swift */,
				C9C1B12926FB664700F7CAFC /* HomeModel.swift */,
			);
			path = Home;
			sourceTree = "<group>";
		};
		C9BBE4A026FA1FAC003ABD3C /* Resources */ = {
			isa = PBXGroup;
			children = (
				C9C1B12B26FB6DB100F7CAFC /* DataExtensions.swift */,
				C9BBE49A26FA1CD1003ABD3C /* Constants.swift */,
				C90D0E3426FA12FA009038F4 /* Assets.xcassets */,
			);
			path = Resources;
			sourceTree = "<group>";
		};
		C9BBE4A426FA200C003ABD3C /* Settings */ = {
			isa = PBXGroup;
			children = (
				C9BBE4A726FA2057003ABD3C /* SettingsModel.swift */,
				C9BBE4A526FA202C003ABD3C /* Settings.swift */,
			);
			path = Settings;
			sourceTree = "<group>";
		};
		C9C1B12826FB640900F7CAFC /* Moment */ = {
			isa = PBXGroup;
			children = (
				C9C1B12626FB63F500F7CAFC /* Moment.swift */,
			);
			path = Moment;
			sourceTree = "<group>";
		};
/* End PBXGroup section */

/* Begin PBXNativeTarget section */
		C90D0E2C26FA12F8009038F4 /* SocialMedium */ = {
			isa = PBXNativeTarget;
			buildConfigurationList = C90D0E3C26FA12FA009038F4 /* Build configuration list for PBXNativeTarget "SocialMedium" */;
			buildPhases = (
				C90D0E2926FA12F8009038F4 /* Sources */,
				C90D0E2A26FA12F8009038F4 /* Frameworks */,
				C90D0E2B26FA12F8009038F4 /* Resources */,
			);
			buildRules = (
			);
			dependencies = (
			);
			name = SocialMedium;
			productName = SocialMedium;
			productReference = C90D0E2D26FA12F9009038F4 /* SocialMedium.app */;
			productType = "com.apple.product-type.application";
		};
/* End PBXNativeTarget section */

/* Begin PBXProject section */
		C90D0E2526FA12F8009038F4 /* Project object */ = {
			isa = PBXProject;
			attributes = {
				LastSwiftUpdateCheck = 1250;
				LastUpgradeCheck = 1250;
				TargetAttributes = {
					C90D0E2C26FA12F8009038F4 = {
						CreatedOnToolsVersion = 12.5.1;
					};
				};
			};
			buildConfigurationList = C90D0E2826FA12F8009038F4 /* Build configuration list for PBXProject "SocialMedium" */;
			compatibilityVersion = "Xcode 9.3";
			developmentRegion = en;
			hasScannedForEncodings = 0;
			knownRegions = (
				en,
				Base,
			);
			mainGroup = C90D0E2426FA12F8009038F4;
			productRefGroup = C90D0E2E26FA12F9009038F4 /* Products */;
			projectDirPath = "";
			projectRoot = "";
			targets = (
				C90D0E2C26FA12F8009038F4 /* SocialMedium */,
			);
		};
/* End PBXProject section */

/* Begin PBXResourcesBuildPhase section */
		C90D0E2B26FA12F8009038F4 /* Resources */ = {
			isa = PBXResourcesBuildPhase;
			buildActionMask = 2147483647;
			files = (
				C90D0E3826FA12FA009038F4 /* Preview Assets.xcassets in Resources */,
				C90D0E3526FA12FA009038F4 /* Assets.xcassets in Resources */,
			);
			runOnlyForDeploymentPostprocessing = 0;
		};
/* End PBXResourcesBuildPhase section */

/* Begin PBXSourcesBuildPhase section */
		C90D0E2926FA12F8009038F4 /* Sources */ = {
			isa = PBXSourcesBuildPhase;
			buildActionMask = 2147483647;
			files = (
				C9BBE4A626FA202C003ABD3C /* Settings.swift in Sources */,
				C90D0E3326FA12F9009038F4 /* Login.swift in Sources */,
				C9C1B12A26FB664700F7CAFC /* HomeModel.swift in Sources */,
				C9C1B12C26FB6DB100F7CAFC /* DataExtensions.swift in Sources */,
				C90D0E4026FA148D009038F4 /* LoginModel.swift in Sources */,
				C9BBE49D26FA1F0C003ABD3C /* Home.swift in Sources */,
				C90D0E3126FA12F9009038F4 /* SocialMediumApp.swift in Sources */,
				C9BBE4A826FA2057003ABD3C /* SettingsModel.swift in Sources */,
				C9BBE49B26FA1CD1003ABD3C /* Constants.swift in Sources */,
				C9C1B12726FB63F500F7CAFC /* Moment.swift in Sources */,
				C9C1B12E26FB6EE800F7CAFC /* HomeCard.swift in Sources */,
			);
			runOnlyForDeploymentPostprocessing = 0;
		};
/* End PBXSourcesBuildPhase section */

/* Begin XCBuildConfiguration section */
		C90D0E3A26FA12FA009038F4 /* Debug */ = {
			isa = XCBuildConfiguration;
			buildSettings = {
				ALWAYS_SEARCH_USER_PATHS = NO;
				CLANG_ANALYZER_NONNULL = YES;
				CLANG_ANALYZER_NUMBER_OBJECT_CONVERSION = YES_AGGRESSIVE;
				CLANG_CXX_LANGUAGE_STANDARD = "gnu++14";
				CLANG_CXX_LIBRARY = "libc++";
				CLANG_ENABLE_MODULES = YES;
				CLANG_ENABLE_OBJC_ARC = YES;
				CLANG_ENABLE_OBJC_WEAK = YES;
				CLANG_WARN_BLOCK_CAPTURE_AUTORELEASING = YES;
				CLANG_WARN_BOOL_CONVERSION = YES;
				CLANG_WARN_COMMA = YES;
				CLANG_WARN_CONSTANT_CONVERSION = YES;
				CLANG_WARN_DEPRECATED_OBJC_IMPLEMENTATIONS = YES;
				CLANG_WARN_DIRECT_OBJC_ISA_USAGE = YES_ERROR;
				CLANG_WARN_DOCUMENTATION_COMMENTS = YES;
				CLANG_WARN_EMPTY_BODY = YES;
				CLANG_WARN_ENUM_CONVERSION = YES;
				CLANG_WARN_INFINITE_RECURSION = YES;
				CLANG_WARN_INT_CONVERSION = YES;
				CLANG_WARN_NON_LITERAL_NULL_CONVERSION = YES;
				CLANG_WARN_OBJC_IMPLICIT_RETAIN_SELF = YES;
				CLANG_WARN_OBJC_LITERAL_CONVERSION = YES;
				CLANG_WARN_OBJC_ROOT_CLASS = YES_ERROR;
				CLANG_WARN_QUOTED_INCLUDE_IN_FRAMEWORK_HEADER = YES;
				CLANG_WARN_RANGE_LOOP_ANALYSIS = YES;
				CLANG_WARN_STRICT_PROTOTYPES = YES;
				CLANG_WARN_SUSPICIOUS_MOVE = YES;
				CLANG_WARN_UNGUARDED_AVAILABILITY = YES_AGGRESSIVE;
				CLANG_WARN_UNREACHABLE_CODE = YES;
				CLANG_WARN__DUPLICATE_METHOD_MATCH = YES;
				COPY_PHASE_STRIP = NO;
				DEBUG_INFORMATION_FORMAT = dwarf;
				ENABLE_STRICT_OBJC_MSGSEND = YES;
				ENABLE_TESTABILITY = YES;
				GCC_C_LANGUAGE_STANDARD = gnu11;
				GCC_DYNAMIC_NO_PIC = NO;
				GCC_NO_COMMON_BLOCKS = YES;
				GCC_OPTIMIZATION_LEVEL = 0;
				GCC_PREPROCESSOR_DEFINITIONS = (
					"DEBUG=1",
					"$(inherited)",
				);
				GCC_WARN_64_TO_32_BIT_CONVERSION = YES;
				GCC_WARN_ABOUT_RETURN_TYPE = YES_ERROR;
				GCC_WARN_UNDECLARED_SELECTOR = YES;
				GCC_WARN_UNINITIALIZED_AUTOS = YES_AGGRESSIVE;
				GCC_WARN_UNUSED_FUNCTION = YES;
				GCC_WARN_UNUSED_VARIABLE = YES;
				IPHONEOS_DEPLOYMENT_TARGET = 15.0;
				MTL_ENABLE_DEBUG_INFO = INCLUDE_SOURCE;
				MTL_FAST_MATH = YES;
				ONLY_ACTIVE_ARCH = YES;
				SDKROOT = iphoneos;
				SWIFT_ACTIVE_COMPILATION_CONDITIONS = DEBUG;
				SWIFT_OPTIMIZATION_LEVEL = "-Onone";
			};
			name = Debug;
		};
		C90D0E3B26FA12FA009038F4 /* Release */ = {
			isa = XCBuildConfiguration;
			buildSettings = {
				ALWAYS_SEARCH_USER_PATHS = NO;
				CLANG_ANALYZER_NONNULL = YES;
				CLANG_ANALYZER_NUMBER_OBJECT_CONVERSION = YES_AGGRESSIVE;
				CLANG_CXX_LANGUAGE_STANDARD = "gnu++14";
				CLANG_CXX_LIBRARY = "libc++";
				CLANG_ENABLE_MODULES = YES;
				CLANG_ENABLE_OBJC_ARC = YES;
				CLANG_ENABLE_OBJC_WEAK = YES;
				CLANG_WARN_BLOCK_CAPTURE_AUTORELEASING = YES;
				CLANG_WARN_BOOL_CONVERSION = YES;
				CLANG_WARN_COMMA = YES;
				CLANG_WARN_CONSTANT_CONVERSION = YES;
				CLANG_WARN_DEPRECATED_OBJC_IMPLEMENTATIONS = YES;
				CLANG_WARN_DIRECT_OBJC_ISA_USAGE = YES_ERROR;
				CLANG_WARN_DOCUMENTATION_COMMENTS = YES;
				CLANG_WARN_EMPTY_BODY = YES;
				CLANG_WARN_ENUM_CONVERSION = YES;
				CLANG_WARN_INFINITE_RECURSION = YES;
				CLANG_WARN_INT_CONVERSION = YES;
				CLANG_WARN_NON_LITERAL_NULL_CONVERSION = YES;
				CLANG_WARN_OBJC_IMPLICIT_RETAIN_SELF = YES;
				CLANG_WARN_OBJC_LITERAL_CONVERSION = YES;
				CLANG_WARN_OBJC_ROOT_CLASS = YES_ERROR;
				CLANG_WARN_QUOTED_INCLUDE_IN_FRAMEWORK_HEADER = YES;
				CLANG_WARN_RANGE_LOOP_ANALYSIS = YES;
				CLANG_WARN_STRICT_PROTOTYPES = YES;
				CLANG_WARN_SUSPICIOUS_MOVE = YES;
				CLANG_WARN_UNGUARDED_AVAILABILITY = YES_AGGRESSIVE;
				CLANG_WARN_UNREACHABLE_CODE = YES;
				CLANG_WARN__DUPLICATE_METHOD_MATCH = YES;
				COPY_PHASE_STRIP = NO;
				DEBUG_INFORMATION_FORMAT = "dwarf-with-dsym";
				ENABLE_NS_ASSERTIONS = NO;
				ENABLE_STRICT_OBJC_MSGSEND = YES;
				GCC_C_LANGUAGE_STANDARD = gnu11;
				GCC_NO_COMMON_BLOCKS = YES;
				GCC_WARN_64_TO_32_BIT_CONVERSION = YES;
				GCC_WARN_ABOUT_RETURN_TYPE = YES_ERROR;
				GCC_WARN_UNDECLARED_SELECTOR = YES;
				GCC_WARN_UNINITIALIZED_AUTOS = YES_AGGRESSIVE;
				GCC_WARN_UNUSED_FUNCTION = YES;
				GCC_WARN_UNUSED_VARIABLE = YES;
				IPHONEOS_DEPLOYMENT_TARGET = 15.0;
				MTL_ENABLE_DEBUG_INFO = NO;
				MTL_FAST_MATH = YES;
				SDKROOT = iphoneos;
				SWIFT_COMPILATION_MODE = wholemodule;
				SWIFT_OPTIMIZATION_LEVEL = "-O";
				VALIDATE_PRODUCT = YES;
			};
			name = Release;
		};
		C90D0E3D26FA12FA009038F4 /* Debug */ = {
			isa = XCBuildConfiguration;
			buildSettings = {
				ASSETCATALOG_COMPILER_APPICON_NAME = AppIcon;
				ASSETCATALOG_COMPILER_GLOBAL_ACCENT_COLOR_NAME = AccentColor;
				CODE_SIGN_STYLE = Automatic;
				DEVELOPMENT_ASSET_PATHS = "\"SocialMedium/Preview Content\"";
				ENABLE_PREVIEWS = YES;
				INFOPLIST_FILE = SocialMedium/Info.plist;
				IPHONEOS_DEPLOYMENT_TARGET = 15.0;
				LD_RUNPATH_SEARCH_PATHS = (
					"$(inherited)",
					"@executable_path/Frameworks",
				);
				PRODUCT_BUNDLE_IDENTIFIER = com.nathanw.SocialMedium;
				PRODUCT_NAME = "$(TARGET_NAME)";
				SWIFT_VERSION = 5.0;
				TARGETED_DEVICE_FAMILY = "1,2";
			};
			name = Debug;
		};
		C90D0E3E26FA12FA009038F4 /* Release */ = {
			isa = XCBuildConfiguration;
			buildSettings = {
				ASSETCATALOG_COMPILER_APPICON_NAME = AppIcon;
				ASSETCATALOG_COMPILER_GLOBAL_ACCENT_COLOR_NAME = AccentColor;
				CODE_SIGN_STYLE = Automatic;
				DEVELOPMENT_ASSET_PATHS = "\"SocialMedium/Preview Content\"";
				ENABLE_PREVIEWS = YES;
				INFOPLIST_FILE = SocialMedium/Info.plist;
				IPHONEOS_DEPLOYMENT_TARGET = 15.0;
				LD_RUNPATH_SEARCH_PATHS = (
					"$(inherited)",
					"@executable_path/Frameworks",
				);
				PRODUCT_BUNDLE_IDENTIFIER = com.nathanw.SocialMedium;
				PRODUCT_NAME = "$(TARGET_NAME)";
				SWIFT_VERSION = 5.0;
				TARGETED_DEVICE_FAMILY = "1,2";
			};
			name = Release;
		};
/* End XCBuildConfiguration section */

/* Begin XCConfigurationList section */
		C90D0E2826FA12F8009038F4 /* Build configuration list for PBXProject "SocialMedium" */ = {
			isa = XCConfigurationList;
			buildConfigurations = (
				C90D0E3A26FA12FA009038F4 /* Debug */,
				C90D0E3B26FA12FA009038F4 /* Release */,
			);
			defaultConfigurationIsVisible = 0;
			defaultConfigurationName = Release;
		};
		C90D0E3C26FA12FA009038F4 /* Build configuration list for PBXNativeTarget "SocialMedium" */ = {
			isa = XCConfigurationList;
			buildConfigurations = (
				C90D0E3D26FA12FA009038F4 /* Debug */,
				C90D0E3E26FA12FA009038F4 /* Release */,
			);
			defaultConfigurationIsVisible = 0;
			defaultConfigurationName = Release;
		};
/* End XCConfigurationList section */
	};
	rootObject = C90D0E2526FA12F8009038F4 /* Project object */;
}
